
Microsoft Visual Studio Solution File, Format Version 12.00
# Visual Studio 15
Project("{FAE04EC0-301F-11D3-BF4B-00C04F79EFBC}") = "Assembly-CSharp-Editor", "Assembly-CSharp-Editor.csproj", "{EAE1854D-6E96-3915-DF2F-7E8DD7F16EB3}"
EndProject
Project("{FAE04EC0-301F-11D3-BF4B-00C04F79EFBC}") = "Assembly-CSharp", "Assembly-CSharp.csproj", "{018E7F59-B733-1ACA-36D0-E33C1C777818}"
EndProject
Global
	GlobalSection(SolutionConfigurationPlatforms) = preSolution
		Debug|Any CPU = Debug|Any CPU
		Release|Any CPU = Release|Any CPU
	EndGlobalSection
	GlobalSection(ProjectConfigurationPlatforms) = postSolution
		{EAE1854D-6E96-3915-DF2F-7E8DD7F16EB3}.Debug|Any CPU.ActiveCfg = Debug|Any CPU
		{EAE1854D-6E96-3915-DF2F-7E8DD7F16EB3}.Debug|Any CPU.Build.0 = Debug|Any CPU
		{EAE1854D-6E96-3915-DF2F-7E8DD7F16EB3}.Release|Any CPU.ActiveCfg = Release|Any CPU
		{EAE1854D-6E96-3915-DF2F-7E8DD7F16EB3}.Release|Any CPU.Build.0 = Release|Any CPU
		{018E7F59-B733-1ACA-36D0-E33C1C777818}.Debug|Any CPU.ActiveCfg = Debug|Any CPU
		{018E7F59-B733-1ACA-36D0-E33C1C777818}.Debug|Any CPU.Build.0 = Debug|Any CPU
		{018E7F59-B733-1ACA-36D0-E33C1C777818}.Release|Any CPU.ActiveCfg = Release|Any CPU
		{018E7F59-B733-1ACA-36D0-E33C1C777818}.Release|Any CPU.Build.0 = Release|Any CPU
	EndGlobalSection
	GlobalSection(SolutionProperties) = preSolution
		HideSolutionNode = FALSE
	EndGlobalSection
EndGlobal
